
Microsoft Visual Studio Solution File, Format Version 12.00
# Visual Studio Version 17
VisualStudioVersion = 17.12.35707.178 d17.12
MinimumVisualStudioVersion = 10.0.40219.1
Project("{FAE04EC0-301F-11D3-BF4B-00C04F79EFBC}") = "home task 5 q 1", "home task 5 q 1\home task 5 q 1.csproj", "{B2AFA649-E0E5-4C20-B616-0DCB0AABC598}"
EndProject
Project("{FAE04EC0-301F-11D3-BF4B-00C04F79EFBC}") = "home task 5 q 2", "home task 5 q 2\home task 5 q 2.csproj", "{FEA3C686-05EE-4163-83BF-ED80CDB07B6E}"
EndProject
Global
	GlobalSection(SolutionConfigurationPlatforms) = preSolution
		Debug|Any CPU = Debug|Any CPU
		Release|Any CPU = Release|Any CPU
	EndGlobalSection
	GlobalSection(ProjectConfigurationPlatforms) = postSolution
		{B2AFA649-E0E5-4C20-B616-0DCB0AABC598}.Debug|Any CPU.ActiveCfg = Debug|Any CPU
		{B2AFA649-E0E5-4C20-B616-0DCB0AABC598}.Debug|Any CPU.Build.0 = Debug|Any CPU
		{B2AFA649-E0E5-4C20-B616-0DCB0AABC598}.Release|Any CPU.ActiveCfg = Release|Any CPU
		{B2AFA649-E0E5-4C20-B616-0DCB0AABC598}.Release|Any CPU.Build.0 = Release|Any CPU
		{FEA3C686-05EE-4163-83BF-ED80CDB07B6E}.Debug|Any CPU.ActiveCfg = Debug|Any CPU
		{FEA3C686-05EE-4163-83BF-ED80CDB07B6E}.Debug|Any CPU.Build.0 = Debug|Any CPU
		{FEA3C686-05EE-4163-83BF-ED80CDB07B6E}.Release|Any CPU.ActiveCfg = Release|Any CPU
		{FEA3C686-05EE-4163-83BF-ED80CDB07B6E}.Release|Any CPU.Build.0 = Release|Any CPU
	EndGlobalSection
	GlobalSection(SolutionProperties) = preSolution
		HideSolutionNode = FALSE
	EndGlobalSection
EndGlobal
